
Microsoft Visual Studio Solution File, Format Version 9.00
# Visual Studio 2005
Project("{8BC9CEB8-8B4A-11D0-8D11-00A0C91BC942}") = "EgFormat", "EgFormat\EgFormat.vcproj", "{83A22509-B2DE-4C56-A1EE-57F35FC2E971}"
EndProject
Project("{8BC9CEB8-8B4A-11D0-8D11-00A0C91BC942}") = "EgFormatPS", "EgFormat\EgFormatPS.vcproj", "{B31BFF1A-B87B-4335-9647-954E91D07460}"
	ProjectSection(ProjectDependencies) = postProject
		{83A22509-B2DE-4C56-A1EE-57F35FC2E971} = {83A22509-B2DE-4C56-A1EE-57F35FC2E971}
	EndProjectSection
EndProject
Global
	GlobalSection(SolutionConfigurationPlatforms) = preSolution
		Debug|Win32 = Debug|Win32
		Release|Win32 = Release|Win32
	EndGlobalSection
	GlobalSection(ProjectConfigurationPlatforms) = postSolution
		{83A22509-B2DE-4C56-A1EE-57F35FC2E971}.Debug|Win32.ActiveCfg = Debug|Win32
		{83A22509-B2DE-4C56-A1EE-57F35FC2E971}.Debug|Win32.Build.0 = Debug|Win32
		{83A22509-B2DE-4C56-A1EE-57F35FC2E971}.Release|Win32.ActiveCfg = Release|Win32
		{83A22509-B2DE-4C56-A1EE-57F35FC2E971}.Release|Win32.Build.0 = Release|Win32
		{B31BFF1A-B87B-4335-9647-954E91D07460}.Debug|Win32.ActiveCfg = Debug|Win32
		{B31BFF1A-B87B-4335-9647-954E91D07460}.Release|Win32.ActiveCfg = Release|Win32
	EndGlobalSection
	GlobalSection(SolutionProperties) = preSolution
		HideSolutionNode = FALSE
	EndGlobalSection
EndGlobal
