Microsoft Visual Studio Solution File, Format Version 9.00
# Visual Studio 2005
Project("{8BC9CEB8-8B4A-11D0-8D11-00A0C91BC942}") = "CV", "CV.vcproj", "{8976C3A5-0A36-464E-9E41-2CD98EF22AB1}"
EndProject
Project("{8BC9CEB8-8B4A-11D0-8D11-00A0C91BC942}") = "cvCompiler", "Compiler\cvCompiler.vcproj", "{F30818E5-D34E-4271-8E1D-B8B3401091F4}"
EndProject
Global
	GlobalSection(SolutionConfigurationPlatforms) = preSolution
		Debug|Win32 = Debug|Win32
		Release|Win32 = Release|Win32
	EndGlobalSection
	GlobalSection(ProjectConfigurationPlatforms) = postSolution
		{8976C3A5-0A36-464E-9E41-2CD98EF22AB1}.Debug|Win32.ActiveCfg = Debug|Win32
		{8976C3A5-0A36-464E-9E41-2CD98EF22AB1}.Debug|Win32.Build.0 = Debug|Win32
		{8976C3A5-0A36-464E-9E41-2CD98EF22AB1}.Release|Win32.ActiveCfg = Release|Win32
		{8976C3A5-0A36-464E-9E41-2CD98EF22AB1}.Release|Win32.Build.0 = Release|Win32
		{F30818E5-D34E-4271-8E1D-B8B3401091F4}.Debug|Win32.ActiveCfg = Debug|Win32
		{F30818E5-D34E-4271-8E1D-B8B3401091F4}.Debug|Win32.Build.0 = Debug|Win32
		{F30818E5-D34E-4271-8E1D-B8B3401091F4}.Release|Win32.ActiveCfg = Release|Win32
		{F30818E5-D34E-4271-8E1D-B8B3401091F4}.Release|Win32.Build.0 = Release|Win32
	EndGlobalSection
	GlobalSection(SolutionProperties) = preSolution
		HideSolutionNode = FALSE
	EndGlobalSection
EndGlobal
