Microsoft Visual Studio Solution File, Format Version 9.00
# Visual Studio 2005
Project("{FAE04EC0-301F-11D3-BF4B-00C04F79EFBC}") = "OTCOptionCalc", "OTCOptionCalc.csproj", "{3D33E918-D5BB-4BE4-A722-EAFC6E0CA001}"
	ProjectSection(ProjectDependencies) = postProject
		{C6134965-4D2C-4780-95DC-2DBEB2595F12} = {C6134965-4D2C-4780-95DC-2DBEB2595F12}
	EndProjectSection
EndProject
Project("{FAE04EC0-301F-11D3-BF4B-00C04F79EFBC}") = "OCWrapper", "..\..\EgarCommonLibrary\OCWrapper\OCWrapper\OCWrapper.csproj", "{C6134965-4D2C-4780-95DC-2DBEB2595F12}"
EndProject
Global
	GlobalSection(SolutionConfigurationPlatforms) = preSolution
		Debug|Any CPU = Debug|Any CPU
		Release|Any CPU = Release|Any CPU
	EndGlobalSection
	GlobalSection(ProjectConfigurationPlatforms) = postSolution
		{3D33E918-D5BB-4BE4-A722-EAFC6E0CA001}.Debug|Any CPU.ActiveCfg = Debug|Any CPU
		{3D33E918-D5BB-4BE4-A722-EAFC6E0CA001}.Debug|Any CPU.Build.0 = Debug|Any CPU
		{3D33E918-D5BB-4BE4-A722-EAFC6E0CA001}.Release|Any CPU.ActiveCfg = Release|Any CPU
		{3D33E918-D5BB-4BE4-A722-EAFC6E0CA001}.Release|Any CPU.Build.0 = Release|Any CPU
		{C6134965-4D2C-4780-95DC-2DBEB2595F12}.Debug|Any CPU.ActiveCfg = Debug|Any CPU
		{C6134965-4D2C-4780-95DC-2DBEB2595F12}.Debug|Any CPU.Build.0 = Debug|Any CPU
		{C6134965-4D2C-4780-95DC-2DBEB2595F12}.Release|Any CPU.ActiveCfg = Release|Any CPU
		{C6134965-4D2C-4780-95DC-2DBEB2595F12}.Release|Any CPU.Build.0 = Release|Any CPU
	EndGlobalSection
	GlobalSection(SolutionProperties) = preSolution
		HideSolutionNode = FALSE
	EndGlobalSection
	GlobalSection(DPCodeReviewSolutionGUID) = preSolution
		DPCodeReviewSolutionGUID = {00000000-0000-0000-0000-000000000000}
	EndGlobalSection
EndGlobal
