Microsoft Visual Studio Solution File, Format Version 9.00
# Visual Studio 2005
Project("{8BC9CEB8-8B4A-11D0-8D11-00A0C91BC942}") = "Sage", "Sage\Sage_GUI.vcproj", "{4A75F89E-1C94-4EC1-8BFB-024F77FD3F35}"
EndProject
Project("{8BC9CEB8-8B4A-11D0-8D11-00A0C91BC942}") = "TradesUploader", "Sage\Utils\TradesUploader\TradesUploader.vcproj", "{576B4337-A76B-4F65-974F-8CFB5F883B1B}"
EndProject
Project("{8BC9CEB8-8B4A-11D0-8D11-00A0C91BC942}") = "OConnor", "OConnor\OConnor.vcproj", "{2E8C7ADE-F0F4-4E92-9819-B313210B0458}"
EndProject
Project("{8BC9CEB8-8B4A-11D0-8D11-00A0C91BC942}") = "CIBCTradeFeedAdapter", "CIBC\CIBCTradeFeedAdapter.vcproj", "{F1B7BB76-7FA5-47D8-95F2-4A55F9F0E1B9}"
EndProject
Project("{8BC9CEB8-8B4A-11D0-8D11-00A0C91BC942}") = "Pequote", "Pequote\Pequote.vcproj", "{EB28C32D-3FEE-40A7-87EC-99FE60B40D3A}"
EndProject
Global
	GlobalSection(SourceCodeControl) = preSolution
		SccNumberOfProjects = 6
		SccProjectName0 = RTTF
		SccLocalPath0 = .
		SccProvider0 = MSSCCI:ClearCase
		CanCheckoutShared = false
		SccProjectUniqueName1 = Sage\\Sage_GUI.vcproj
		SccProjectName1 = \u0022$/ETS/Production\u00202.1\u0020CIBC/MarketInterfaces/RTTF/Sage\u0022,\u0020KTZCAAAA
		SccLocalPath1 = Sage
		CanCheckoutShared = false
		SccProjectUniqueName2 = Sage\\Utils\\TradesUploader\\TradesUploader.vcproj
		SccProjectName2 = \u0022$/ETS/Production\u00202.1\u0020CIBC/MarketInterfaces/RTTF/Sage/Utils/TradesUploader\u0022,\u0020PVZCAAAA
		SccLocalPath2 = Sage\\Utils\\TradesUploader
		CanCheckoutShared = false
		SccProjectUniqueName3 = OConnor\\OConnor.vcproj
		SccProjectName3 = \u0022$/ETS/Production\u00202.1\u0020CIBC/MarketInterfaces/RTTF/OConnor\u0022,\u0020ZRZCAAAA
		SccLocalPath3 = OConnor
		CanCheckoutShared = false
		SccProjectUniqueName4 = CIBC\\CIBCTradeFeedAdapter.vcproj
		SccProjectName4 = \u0022$/ETS/Production\u00202.1\u0020CIBC\u0020(2)/MarketInterfaces/RTTF/CIBC\u0022,\u0020USUDAAAA
		SccLocalPath4 = CIBC
		CanCheckoutShared = false
		SccProjectUniqueName5 = Pequote\\Pequote.vcproj
		SccProjectName5 = \u0022$/ETS/Production\u00202.1\u0020CIBC/MarketInterfaces/RTTF/Pequote\u0022,\u0020ZRZCAAAA
		SccLocalPath5 = Pequote
		CanCheckoutShared = false
		SccProjectUniqueName5 = Pequote\\Pequote.vcproj
		SccProjectName5 = \u0022$/ETS/Production\u00202.1\u0020CIBC/MarketInterfaces/RTTF/Pequote\u0022,\u0020ZRZCAAAA
		SccLocalPath5 = Pequote
		CanCheckoutShared = false
	EndGlobalSection
	GlobalSection(SolutionConfigurationPlatforms) = preSolution
		Debug|Win32 = Debug|Win32
		Release|Win32 = Release|Win32
	EndGlobalSection
	GlobalSection(ProjectConfigurationPlatforms) = postSolution
		{4A75F89E-1C94-4EC1-8BFB-024F77FD3F35}.Debug|Win32.ActiveCfg = Debug|Win32
		{4A75F89E-1C94-4EC1-8BFB-024F77FD3F35}.Debug|Win32.Build.0 = Debug|Win32
		{4A75F89E-1C94-4EC1-8BFB-024F77FD3F35}.Release|Win32.ActiveCfg = Release|Win32
		{4A75F89E-1C94-4EC1-8BFB-024F77FD3F35}.Release|Win32.Build.0 = Release|Win32
		{576B4337-A76B-4F65-974F-8CFB5F883B1B}.Debug|Win32.ActiveCfg = Release|Win32
		{576B4337-A76B-4F65-974F-8CFB5F883B1B}.Release|Win32.ActiveCfg = Release|Win32
		{2E8C7ADE-F0F4-4E92-9819-B313210B0458}.Debug|Win32.ActiveCfg = Debug|Win32
		{2E8C7ADE-F0F4-4E92-9819-B313210B0458}.Debug|Win32.Build.0 = Debug|Win32
		{2E8C7ADE-F0F4-4E92-9819-B313210B0458}.Release|Win32.ActiveCfg = Release|Win32
		{2E8C7ADE-F0F4-4E92-9819-B313210B0458}.Release|Win32.Build.0 = Release|Win32
		{F1B7BB76-7FA5-47D8-95F2-4A55F9F0E1B9}.Debug|Win32.ActiveCfg = Release|Win32
		{F1B7BB76-7FA5-47D8-95F2-4A55F9F0E1B9}.Release|Win32.ActiveCfg = Release|Win32
		{EB28C32D-3FEE-40A7-87EC-99FE60B40D3A}.Debug|Win32.ActiveCfg = Debug|Win32
		{EB28C32D-3FEE-40A7-87EC-99FE60B40D3A}.Debug|Win32.Build.0 = Debug|Win32
		{EB28C32D-3FEE-40A7-87EC-99FE60B40D3A}.Release|Win32.ActiveCfg = Release|Win32
		{EB28C32D-3FEE-40A7-87EC-99FE60B40D3A}.Release|Win32.Build.0 = Release|Win32
	EndGlobalSection
	GlobalSection(SolutionProperties) = preSolution
		HideSolutionNode = FALSE
	EndGlobalSection
	GlobalSection(DPCodeReviewSolutionGUID) = preSolution
		DPCodeReviewSolutionGUID = {00000000-0000-0000-0000-000000000000}
	EndGlobalSection
EndGlobal
